
Microsoft Visual Studio Solution File, Format Version 12.00
# Visual Studio Version 17
VisualStudioVersion = 17.5.2.0
MinimumVisualStudioVersion = 10.0.40219.1
Project("{2150E333-8FDC-42A3-9474-1A3956D46DE8}") = "src", "src", "{827E0CD3-B72D-47B6-A68D-7590B98EB39B}"
EndProject
Project("{2150E333-8FDC-42A3-9474-1A3956D46DE8}") = "samples", "samples", "{8A1C1B42-5F9D-4E3A-B1C7-D9F8E6A5B4C3}"
EndProject
Project("{2150E333-8FDC-42A3-9474-1A3956D46DE8}") = "benchmarks", "benchmarks", "{FC40112B-D17A-4471-98D4-B72510B2B53B}"
EndProject
Project("{FAE04EC0-301F-11D3-BF4B-00C04F79EFBC}") = "VLCLR", "src\VLCLR\VLCLR.csproj", "{A1B2C3D4-E5F6-7890-ABCD-EF1234567890}"
EndProject
Project("{FAE04EC0-301F-11D3-BF4B-00C04F79EFBC}") = "VLCLR.ImageSharp", "src\VLCLR.ImageSharp\VLCLR.ImageSharp.csproj", "{D4E5F6A7-B8C9-0123-DEFA-234567890123}"
EndProject
Project("{FAE04EC0-301F-11D3-BF4B-00C04F79EFBC}") = "VLCLR.Tests", "src\VLCLR.Tests\VLCLR.Tests.csproj", "{B2C3D4E5-F6A7-8901-BCDE-F12345678901}"
EndProject
Project("{FAE04EC0-301F-11D3-BF4B-00C04F79EFBC}") = "VideoOverlay", "samples\VideoOverlay\VideoOverlay.csproj", "{C3D4E5F6-A7B8-9012-CDEF-123456789012}"
EndProject
Project("{FAE04EC0-301F-11D3-BF4B-00C04F79EFBC}") = "SubtitleRenderer", "samples\SubtitleRenderer\SubtitleRenderer.csproj", "{E5F6A7B8-C9D0-1234-EFAB-345678901234}"
EndProject
Project("{FAE04EC0-301F-11D3-BF4B-00C04F79EFBC}") = "SubtitleTranslator", "samples\SubtitleTranslator\SubtitleTranslator.csproj", "{50C5D467-98D7-4C62-BC33-34BF38B7E701}"
EndProject
Project("{FAE04EC0-301F-11D3-BF4B-00C04F79EFBC}") = "LiveAudioTranslator", "samples\LiveAudioTranslator\LiveAudioTranslator.csproj", "{6B3A9F36-1D8A-4E2D-932E-0BA1C7F4D821}"
EndProject
Project("{FAE04EC0-301F-11D3-BF4B-00C04F79EFBC}") = "LiveAudioTranslator.Prepare", "samples\LiveAudioTranslator.Prepare\LiveAudioTranslator.Prepare.csproj", "{46A75B0D-8B8D-4EAA-B3AC-8C201752DCA1}"
EndProject
Project("{2150E333-8FDC-42A3-9474-1A3956D46DE8}") = "tests", "tests", "{0AB3BF05-4346-4AA6-1389-037BE0695223}"
EndProject
Project("{FAE04EC0-301F-11D3-BF4B-00C04F79EFBC}") = "SubtitleRendererTest", "tests\SubtitleRendererTest\SubtitleRendererTest.csproj", "{0332127E-1BCA-4FBD-859B-62B045358770}"
EndProject
Project("{FAE04EC0-301F-11D3-BF4B-00C04F79EFBC}") = "TranslatorTest", "tests\TranslatorTest\TranslatorTest.csproj", "{B55136DA-A1A7-4D35-96DE-55EBF2C06FA1}"
EndProject
Project("{FAE04EC0-301F-11D3-BF4B-00C04F79EFBC}") = "TranslatorIntegrationTest", "tests\TranslatorIntegrationTest\TranslatorIntegrationTest.csproj", "{C61C373B-B6FB-4190-88CF-99A7F4BC37D2}"
EndProject
Project("{FAE04EC0-301F-11D3-BF4B-00C04F79EFBC}") = "SubtitleFrameCapture", "tests\SubtitleFrameCapture\SubtitleFrameCapture.csproj", "{DA712317-C0F7-4307-B5FE-81615C6841A3}"
EndProject
Project("{FAE04EC0-301F-11D3-BF4B-00C04F79EFBC}") = "SubtitleTranslator.UnitTests", "tests\SubtitleTranslator.UnitTests\SubtitleTranslator.UnitTests.csproj", "{EB823428-7DA8-47D7-924C-DB822599BC80}"
EndProject
Project("{FAE04EC0-301F-11D3-BF4B-00C04F79EFBC}") = "LiveAudioTranslatorIntegrationTest", "tests\LiveAudioTranslatorIntegrationTest\LiveAudioTranslatorIntegrationTest.csproj", "{C4E78193-FDA2-4563-A06B-13D9EBC0A470}"
EndProject
Project("{FAE04EC0-301F-11D3-BF4B-00C04F79EFBC}") = "WhisperSmoke", "tests\WhisperSmoke\WhisperSmoke.csproj", "{D98E5271-BC41-4F67-89AD-2E0C1A53B6F9}"
EndProject
Project("{FAE04EC0-301F-11D3-BF4B-00C04F79EFBC}") = "SubtitleTranslator.Benchmarks", "benchmarks\SubtitleTranslator.Benchmarks\SubtitleTranslator.Benchmarks.csproj", "{A3850B0F-3DE8-4B3D-B671-1EB926BD436D}"
EndProject
Project("{FAE04EC0-301F-11D3-BF4B-00C04F79EFBC}") = "VLCLR.Generators", "src\VLCLR.Generators\VLCLR.Generators.csproj", "{399A1934-6396-45D8-8F81-2C21CF5CF0DD}"
EndProject
Project("{FAE04EC0-301F-11D3-BF4B-00C04F79EFBC}") = "VLCLR.LiveTranslation", "src\VLCLR.LiveTranslation\VLCLR.LiveTranslation.csproj", "{B6297F0B-D17E-4E79-87C0-97513E294B4A}"
EndProject
Project("{FAE04EC0-301F-11D3-BF4B-00C04F79EFBC}") = "LiveAudioTranslator.Worker", "samples\LiveAudioTranslator.Worker\LiveAudioTranslator.Worker.csproj", "{364A2F40-0C86-4936-A270-76D5E358A9C2}"
EndProject
Project("{FAE04EC0-301F-11D3-BF4B-00C04F79EFBC}") = "LiveAudioTranslator.Runner", "samples\LiveAudioTranslator.Runner\LiveAudioTranslator.Runner.csproj", "{F4460618-8268-41B8-AF34-C80183C97D60}"
EndProject
Project("{FAE04EC0-301F-11D3-BF4B-00C04F79EFBC}") = "LiveAudioTranslator.ProtocolTests", "tests\LiveAudioTranslator.ProtocolTests\LiveAudioTranslator.ProtocolTests.csproj", "{09CD73FD-6436-4A7A-A74F-EF66ACFCA990}"
EndProject
Project("{FAE04EC0-301F-11D3-BF4B-00C04F79EFBC}") = "LiveAudioTranslator.VisualTest", "tests\LiveAudioTranslator.VisualTest\LiveAudioTranslator.VisualTest.csproj", "{FE13DF91-EF4A-4578-81EA-D159F0A9677F}"
EndProject
Project("{FAE04EC0-301F-11D3-BF4B-00C04F79EFBC}") = "LiveAudioTranslator.Benchmarks", "benchmarks\LiveAudioTranslator.Benchmarks\LiveAudioTranslator.Benchmarks.csproj", "{A1C8014C-09AF-462D-A87F-FD69E05A5523}"
EndProject
Project("{FAE04EC0-301F-11D3-BF4B-00C04F79EFBC}") = "VLCLR.ObjectDetection", "src\VLCLR.ObjectDetection\VLCLR.ObjectDetection.csproj", "{E0CFA6E4-8826-44F2-8885-4ABFA4387946}"
EndProject
Project("{FAE04EC0-301F-11D3-BF4B-00C04F79EFBC}") = "YoloObjectSearch", "samples\YoloObjectSearch\YoloObjectSearch.csproj", "{EB1CE728-ACD0-453D-B960-98C3934C0272}"
EndProject
Project("{FAE04EC0-301F-11D3-BF4B-00C04F79EFBC}") = "VLCLR.ObjectDetection.Tests", "tests\VLCLR.ObjectDetection.Tests\VLCLR.ObjectDetection.Tests.csproj", "{35FFEDDE-4595-470A-BDE7-E6B7F7EC800C}"
EndProject
Project("{FAE04EC0-301F-11D3-BF4B-00C04F79EFBC}") = "YoloObjectSearch.CSharpProbe", "benchmarks\YoloObjectSearch.CSharpProbe\YoloObjectSearch.CSharpProbe.csproj", "{C140F969-B2D4-4F0E-916B-C1313834A920}"
EndProject
Project("{FAE04EC0-301F-11D3-BF4B-00C04F79EFBC}") = "PrivacyShield", "samples\PrivacyShield\PrivacyShield.csproj", "{5FF8012C-F182-4E0C-AB7B-F06F8937A8D1}"
EndProject
Global
	GlobalSection(SolutionConfigurationPlatforms) = preSolution
		Debug|Any CPU = Debug|Any CPU
		Debug|x64 = Debug|x64
		Debug|x86 = Debug|x86
		Release|Any CPU = Release|Any CPU
		Release|x64 = Release|x64
		Release|x86 = Release|x86
	EndGlobalSection
	GlobalSection(ProjectConfigurationPlatforms) = postSolution
		{A1B2C3D4-E5F6-7890-ABCD-EF1234567890}.Debug|Any CPU.ActiveCfg = Debug|Any CPU
		{A1B2C3D4-E5F6-7890-ABCD-EF1234567890}.Debug|Any CPU.Build.0 = Debug|Any CPU
		{A1B2C3D4-E5F6-7890-ABCD-EF1234567890}.Debug|x64.ActiveCfg = Debug|Any CPU
		{A1B2C3D4-E5F6-7890-ABCD-EF1234567890}.Debug|x64.Build.0 = Debug|Any CPU
		{A1B2C3D4-E5F6-7890-ABCD-EF1234567890}.Debug|x86.ActiveCfg = Debug|Any CPU
		{A1B2C3D4-E5F6-7890-ABCD-EF1234567890}.Debug|x86.Build.0 = Debug|Any CPU
		{A1B2C3D4-E5F6-7890-ABCD-EF1234567890}.Release|Any CPU.ActiveCfg = Release|Any CPU
		{A1B2C3D4-E5F6-7890-ABCD-EF1234567890}.Release|Any CPU.Build.0 = Release|Any CPU
		{A1B2C3D4-E5F6-7890-ABCD-EF1234567890}.Release|x64.ActiveCfg = Release|Any CPU
		{A1B2C3D4-E5F6-7890-ABCD-EF1234567890}.Release|x64.Build.0 = Release|Any CPU
		{A1B2C3D4-E5F6-7890-ABCD-EF1234567890}.Release|x86.ActiveCfg = Release|Any CPU
		{A1B2C3D4-E5F6-7890-ABCD-EF1234567890}.Release|x86.Build.0 = Release|Any CPU
		{D4E5F6A7-B8C9-0123-DEFA-234567890123}.Debug|Any CPU.ActiveCfg = Debug|Any CPU
		{D4E5F6A7-B8C9-0123-DEFA-234567890123}.Debug|Any CPU.Build.0 = Debug|Any CPU
		{D4E5F6A7-B8C9-0123-DEFA-234567890123}.Debug|x64.ActiveCfg = Debug|Any CPU
		{D4E5F6A7-B8C9-0123-DEFA-234567890123}.Debug|x64.Build.0 = Debug|Any CPU
		{D4E5F6A7-B8C9-0123-DEFA-234567890123}.Debug|x86.ActiveCfg = Debug|Any CPU
		{D4E5F6A7-B8C9-0123-DEFA-234567890123}.Debug|x86.Build.0 = Debug|Any CPU
		{D4E5F6A7-B8C9-0123-DEFA-234567890123}.Release|Any CPU.ActiveCfg = Release|Any CPU
		{D4E5F6A7-B8C9-0123-DEFA-234567890123}.Release|Any CPU.Build.0 = Release|Any CPU
		{D4E5F6A7-B8C9-0123-DEFA-234567890123}.Release|x64.ActiveCfg = Release|Any CPU
		{D4E5F6A7-B8C9-0123-DEFA-234567890123}.Release|x64.Build.0 = Release|Any CPU
		{D4E5F6A7-B8C9-0123-DEFA-234567890123}.Release|x86.ActiveCfg = Release|Any CPU
		{D4E5F6A7-B8C9-0123-DEFA-234567890123}.Release|x86.Build.0 = Release|Any CPU
		{B2C3D4E5-F6A7-8901-BCDE-F12345678901}.Debug|Any CPU.ActiveCfg = Debug|Any CPU
		{B2C3D4E5-F6A7-8901-BCDE-F12345678901}.Debug|Any CPU.Build.0 = Debug|Any CPU
		{B2C3D4E5-F6A7-8901-BCDE-F12345678901}.Debug|x64.ActiveCfg = Debug|Any CPU
		{B2C3D4E5-F6A7-8901-BCDE-F12345678901}.Debug|x64.Build.0 = Debug|Any CPU
		{B2C3D4E5-F6A7-8901-BCDE-F12345678901}.Debug|x86.ActiveCfg = Debug|Any CPU
		{B2C3D4E5-F6A7-8901-BCDE-F12345678901}.Debug|x86.Build.0 = Debug|Any CPU
		{B2C3D4E5-F6A7-8901-BCDE-F12345678901}.Release|Any CPU.ActiveCfg = Release|Any CPU
		{B2C3D4E5-F6A7-8901-BCDE-F12345678901}.Release|Any CPU.Build.0 = Release|Any CPU
		{B2C3D4E5-F6A7-8901-BCDE-F12345678901}.Release|x64.ActiveCfg = Release|Any CPU
		{B2C3D4E5-F6A7-8901-BCDE-F12345678901}.Release|x64.Build.0 = Release|Any CPU
		{B2C3D4E5-F6A7-8901-BCDE-F12345678901}.Release|x86.ActiveCfg = Release|Any CPU
		{B2C3D4E5-F6A7-8901-BCDE-F12345678901}.Release|x86.Build.0 = Release|Any CPU
		{C3D4E5F6-A7B8-9012-CDEF-123456789012}.Debug|Any CPU.ActiveCfg = Debug|Any CPU
		{C3D4E5F6-A7B8-9012-CDEF-123456789012}.Debug|Any CPU.Build.0 = Debug|Any CPU
		{C3D4E5F6-A7B8-9012-CDEF-123456789012}.Debug|x64.ActiveCfg = Debug|Any CPU
		{C3D4E5F6-A7B8-9012-CDEF-123456789012}.Debug|x64.Build.0 = Debug|Any CPU
		{C3D4E5F6-A7B8-9012-CDEF-123456789012}.Debug|x86.ActiveCfg = Debug|Any CPU
		{C3D4E5F6-A7B8-9012-CDEF-123456789012}.Debug|x86.Build.0 = Debug|Any CPU
		{C3D4E5F6-A7B8-9012-CDEF-123456789012}.Release|Any CPU.ActiveCfg = Release|Any CPU
		{C3D4E5F6-A7B8-9012-CDEF-123456789012}.Release|Any CPU.Build.0 = Release|Any CPU
		{C3D4E5F6-A7B8-9012-CDEF-123456789012}.Release|x64.ActiveCfg = Release|Any CPU
		{C3D4E5F6-A7B8-9012-CDEF-123456789012}.Release|x64.Build.0 = Release|Any CPU
		{C3D4E5F6-A7B8-9012-CDEF-123456789012}.Release|x86.ActiveCfg = Release|Any CPU
		{C3D4E5F6-A7B8-9012-CDEF-123456789012}.Release|x86.Build.0 = Release|Any CPU
		{E5F6A7B8-C9D0-1234-EFAB-345678901234}.Debug|Any CPU.ActiveCfg = Debug|Any CPU
		{E5F6A7B8-C9D0-1234-EFAB-345678901234}.Debug|Any CPU.Build.0 = Debug|Any CPU
		{E5F6A7B8-C9D0-1234-EFAB-345678901234}.Debug|x64.ActiveCfg = Debug|Any CPU
		{E5F6A7B8-C9D0-1234-EFAB-345678901234}.Debug|x64.Build.0 = Debug|Any CPU
		{E5F6A7B8-C9D0-1234-EFAB-345678901234}.Debug|x86.ActiveCfg = Debug|Any CPU
		{E5F6A7B8-C9D0-1234-EFAB-345678901234}.Debug|x86.Build.0 = Debug|Any CPU
		{E5F6A7B8-C9D0-1234-EFAB-345678901234}.Release|Any CPU.ActiveCfg = Release|Any CPU
		{E5F6A7B8-C9D0-1234-EFAB-345678901234}.Release|Any CPU.Build.0 = Release|Any CPU
		{E5F6A7B8-C9D0-1234-EFAB-345678901234}.Release|x64.ActiveCfg = Release|Any CPU
		{E5F6A7B8-C9D0-1234-EFAB-345678901234}.Release|x64.Build.0 = Release|Any CPU
		{E5F6A7B8-C9D0-1234-EFAB-345678901234}.Release|x86.ActiveCfg = Release|Any CPU
		{E5F6A7B8-C9D0-1234-EFAB-345678901234}.Release|x86.Build.0 = Release|Any CPU
		{50C5D467-98D7-4C62-BC33-34BF38B7E701}.Debug|Any CPU.ActiveCfg = Debug|Any CPU
		{50C5D467-98D7-4C62-BC33-34BF38B7E701}.Debug|Any CPU.Build.0 = Debug|Any CPU
		{50C5D467-98D7-4C62-BC33-34BF38B7E701}.Debug|x64.ActiveCfg = Debug|Any CPU
		{50C5D467-98D7-4C62-BC33-34BF38B7E701}.Debug|x64.Build.0 = Debug|Any CPU
		{50C5D467-98D7-4C62-BC33-34BF38B7E701}.Debug|x86.ActiveCfg = Debug|Any CPU
		{50C5D467-98D7-4C62-BC33-34BF38B7E701}.Debug|x86.Build.0 = Debug|Any CPU
		{50C5D467-98D7-4C62-BC33-34BF38B7E701}.Release|Any CPU.ActiveCfg = Release|Any CPU
		{50C5D467-98D7-4C62-BC33-34BF38B7E701}.Release|Any CPU.Build.0 = Release|Any CPU
		{50C5D467-98D7-4C62-BC33-34BF38B7E701}.Release|x64.ActiveCfg = Release|Any CPU
		{50C5D467-98D7-4C62-BC33-34BF38B7E701}.Release|x64.Build.0 = Release|Any CPU
		{50C5D467-98D7-4C62-BC33-34BF38B7E701}.Release|x86.ActiveCfg = Release|Any CPU
		{50C5D467-98D7-4C62-BC33-34BF38B7E701}.Release|x86.Build.0 = Release|Any CPU
		{6B3A9F36-1D8A-4E2D-932E-0BA1C7F4D821}.Debug|Any CPU.ActiveCfg = Debug|Any CPU
		{6B3A9F36-1D8A-4E2D-932E-0BA1C7F4D821}.Debug|Any CPU.Build.0 = Debug|Any CPU
		{6B3A9F36-1D8A-4E2D-932E-0BA1C7F4D821}.Debug|x64.ActiveCfg = Debug|Any CPU
		{6B3A9F36-1D8A-4E2D-932E-0BA1C7F4D821}.Debug|x64.Build.0 = Debug|Any CPU
		{6B3A9F36-1D8A-4E2D-932E-0BA1C7F4D821}.Debug|x86.ActiveCfg = Debug|Any CPU
		{6B3A9F36-1D8A-4E2D-932E-0BA1C7F4D821}.Debug|x86.Build.0 = Debug|Any CPU
		{6B3A9F36-1D8A-4E2D-932E-0BA1C7F4D821}.Release|Any CPU.ActiveCfg = Release|Any CPU
		{6B3A9F36-1D8A-4E2D-932E-0BA1C7F4D821}.Release|Any CPU.Build.0 = Release|Any CPU
		{6B3A9F36-1D8A-4E2D-932E-0BA1C7F4D821}.Release|x64.ActiveCfg = Release|Any CPU
		{6B3A9F36-1D8A-4E2D-932E-0BA1C7F4D821}.Release|x64.Build.0 = Release|Any CPU
		{6B3A9F36-1D8A-4E2D-932E-0BA1C7F4D821}.Release|x86.ActiveCfg = Release|Any CPU
		{6B3A9F36-1D8A-4E2D-932E-0BA1C7F4D821}.Release|x86.Build.0 = Release|Any CPU
		{46A75B0D-8B8D-4EAA-B3AC-8C201752DCA1}.Debug|Any CPU.ActiveCfg = Debug|Any CPU
		{46A75B0D-8B8D-4EAA-B3AC-8C201752DCA1}.Debug|Any CPU.Build.0 = Debug|Any CPU
		{46A75B0D-8B8D-4EAA-B3AC-8C201752DCA1}.Debug|x64.ActiveCfg = Debug|Any CPU
		{46A75B0D-8B8D-4EAA-B3AC-8C201752DCA1}.Debug|x64.Build.0 = Debug|Any CPU
		{46A75B0D-8B8D-4EAA-B3AC-8C201752DCA1}.Debug|x86.ActiveCfg = Debug|Any CPU
		{46A75B0D-8B8D-4EAA-B3AC-8C201752DCA1}.Debug|x86.Build.0 = Debug|Any CPU
		{46A75B0D-8B8D-4EAA-B3AC-8C201752DCA1}.Release|Any CPU.ActiveCfg = Release|Any CPU
		{46A75B0D-8B8D-4EAA-B3AC-8C201752DCA1}.Release|Any CPU.Build.0 = Release|Any CPU
		{46A75B0D-8B8D-4EAA-B3AC-8C201752DCA1}.Release|x64.ActiveCfg = Release|Any CPU
		{46A75B0D-8B8D-4EAA-B3AC-8C201752DCA1}.Release|x64.Build.0 = Release|Any CPU
		{46A75B0D-8B8D-4EAA-B3AC-8C201752DCA1}.Release|x86.ActiveCfg = Release|Any CPU
		{46A75B0D-8B8D-4EAA-B3AC-8C201752DCA1}.Release|x86.Build.0 = Release|Any CPU
		{0332127E-1BCA-4FBD-859B-62B045358770}.Debug|Any CPU.ActiveCfg = Debug|Any CPU
		{0332127E-1BCA-4FBD-859B-62B045358770}.Debug|Any CPU.Build.0 = Debug|Any CPU
		{0332127E-1BCA-4FBD-859B-62B045358770}.Debug|x64.ActiveCfg = Debug|Any CPU
		{0332127E-1BCA-4FBD-859B-62B045358770}.Debug|x64.Build.0 = Debug|Any CPU
		{0332127E-1BCA-4FBD-859B-62B045358770}.Debug|x86.ActiveCfg = Debug|Any CPU
		{0332127E-1BCA-4FBD-859B-62B045358770}.Debug|x86.Build.0 = Debug|Any CPU
		{0332127E-1BCA-4FBD-859B-62B045358770}.Release|Any CPU.ActiveCfg = Release|Any CPU
		{0332127E-1BCA-4FBD-859B-62B045358770}.Release|Any CPU.Build.0 = Release|Any CPU
		{0332127E-1BCA-4FBD-859B-62B045358770}.Release|x64.ActiveCfg = Release|Any CPU
		{0332127E-1BCA-4FBD-859B-62B045358770}.Release|x64.Build.0 = Release|Any CPU
		{0332127E-1BCA-4FBD-859B-62B045358770}.Release|x86.ActiveCfg = Release|Any CPU
		{0332127E-1BCA-4FBD-859B-62B045358770}.Release|x86.Build.0 = Release|Any CPU
		{B55136DA-A1A7-4D35-96DE-55EBF2C06FA1}.Debug|Any CPU.ActiveCfg = Debug|Any CPU
		{B55136DA-A1A7-4D35-96DE-55EBF2C06FA1}.Debug|Any CPU.Build.0 = Debug|Any CPU
		{B55136DA-A1A7-4D35-96DE-55EBF2C06FA1}.Debug|x64.ActiveCfg = Debug|Any CPU
		{B55136DA-A1A7-4D35-96DE-55EBF2C06FA1}.Debug|x64.Build.0 = Debug|Any CPU
		{B55136DA-A1A7-4D35-96DE-55EBF2C06FA1}.Debug|x86.ActiveCfg = Debug|Any CPU
		{B55136DA-A1A7-4D35-96DE-55EBF2C06FA1}.Debug|x86.Build.0 = Debug|Any CPU
		{B55136DA-A1A7-4D35-96DE-55EBF2C06FA1}.Release|Any CPU.ActiveCfg = Release|Any CPU
		{B55136DA-A1A7-4D35-96DE-55EBF2C06FA1}.Release|Any CPU.Build.0 = Release|Any CPU
		{B55136DA-A1A7-4D35-96DE-55EBF2C06FA1}.Release|x64.ActiveCfg = Release|Any CPU
		{B55136DA-A1A7-4D35-96DE-55EBF2C06FA1}.Release|x64.Build.0 = Release|Any CPU
		{B55136DA-A1A7-4D35-96DE-55EBF2C06FA1}.Release|x86.ActiveCfg = Release|Any CPU
		{B55136DA-A1A7-4D35-96DE-55EBF2C06FA1}.Release|x86.Build.0 = Release|Any CPU
		{C61C373B-B6FB-4190-88CF-99A7F4BC37D2}.Debug|Any CPU.ActiveCfg = Debug|Any CPU
		{C61C373B-B6FB-4190-88CF-99A7F4BC37D2}.Debug|Any CPU.Build.0 = Debug|Any CPU
		{C61C373B-B6FB-4190-88CF-99A7F4BC37D2}.Debug|x64.ActiveCfg = Debug|Any CPU
		{C61C373B-B6FB-4190-88CF-99A7F4BC37D2}.Debug|x64.Build.0 = Debug|Any CPU
		{C61C373B-B6FB-4190-88CF-99A7F4BC37D2}.Debug|x86.ActiveCfg = Debug|Any CPU
		{C61C373B-B6FB-4190-88CF-99A7F4BC37D2}.Debug|x86.Build.0 = Debug|Any CPU
		{C61C373B-B6FB-4190-88CF-99A7F4BC37D2}.Release|Any CPU.ActiveCfg = Release|Any CPU
		{C61C373B-B6FB-4190-88CF-99A7F4BC37D2}.Release|Any CPU.Build.0 = Release|Any CPU
		{C61C373B-B6FB-4190-88CF-99A7F4BC37D2}.Release|x64.ActiveCfg = Release|Any CPU
		{C61C373B-B6FB-4190-88CF-99A7F4BC37D2}.Release|x64.Build.0 = Release|Any CPU
		{C61C373B-B6FB-4190-88CF-99A7F4BC37D2}.Release|x86.ActiveCfg = Release|Any CPU
		{C61C373B-B6FB-4190-88CF-99A7F4BC37D2}.Release|x86.Build.0 = Release|Any CPU
		{DA712317-C0F7-4307-B5FE-81615C6841A3}.Debug|Any CPU.ActiveCfg = Debug|Any CPU
		{DA712317-C0F7-4307-B5FE-81615C6841A3}.Debug|Any CPU.Build.0 = Debug|Any CPU
		{DA712317-C0F7-4307-B5FE-81615C6841A3}.Debug|x64.ActiveCfg = Debug|Any CPU
		{DA712317-C0F7-4307-B5FE-81615C6841A3}.Debug|x64.Build.0 = Debug|Any CPU
		{DA712317-C0F7-4307-B5FE-81615C6841A3}.Debug|x86.ActiveCfg = Debug|Any CPU
		{DA712317-C0F7-4307-B5FE-81615C6841A3}.Debug|x86.Build.0 = Debug|Any CPU
		{DA712317-C0F7-4307-B5FE-81615C6841A3}.Release|Any CPU.ActiveCfg = Release|Any CPU
		{DA712317-C0F7-4307-B5FE-81615C6841A3}.Release|Any CPU.Build.0 = Release|Any CPU
		{DA712317-C0F7-4307-B5FE-81615C6841A3}.Release|x64.ActiveCfg = Release|Any CPU
		{DA712317-C0F7-4307-B5FE-81615C6841A3}.Release|x64.Build.0 = Release|Any CPU
		{DA712317-C0F7-4307-B5FE-81615C6841A3}.Release|x86.ActiveCfg = Release|Any CPU
		{DA712317-C0F7-4307-B5FE-81615C6841A3}.Release|x86.Build.0 = Release|Any CPU
		{EB823428-7DA8-47D7-924C-DB822599BC80}.Debug|Any CPU.ActiveCfg = Debug|Any CPU
		{EB823428-7DA8-47D7-924C-DB822599BC80}.Debug|Any CPU.Build.0 = Debug|Any CPU
		{EB823428-7DA8-47D7-924C-DB822599BC80}.Debug|x64.ActiveCfg = Debug|Any CPU
		{EB823428-7DA8-47D7-924C-DB822599BC80}.Debug|x64.Build.0 = Debug|Any CPU
		{EB823428-7DA8-47D7-924C-DB822599BC80}.Debug|x86.ActiveCfg = Debug|Any CPU
		{EB823428-7DA8-47D7-924C-DB822599BC80}.Debug|x86.Build.0 = Debug|Any CPU
		{EB823428-7DA8-47D7-924C-DB822599BC80}.Release|Any CPU.ActiveCfg = Release|Any CPU
		{EB823428-7DA8-47D7-924C-DB822599BC80}.Release|Any CPU.Build.0 = Release|Any CPU
		{EB823428-7DA8-47D7-924C-DB822599BC80}.Release|x64.ActiveCfg = Release|Any CPU
		{EB823428-7DA8-47D7-924C-DB822599BC80}.Release|x64.Build.0 = Release|Any CPU
		{EB823428-7DA8-47D7-924C-DB822599BC80}.Release|x86.ActiveCfg = Release|Any CPU
		{EB823428-7DA8-47D7-924C-DB822599BC80}.Release|x86.Build.0 = Release|Any CPU
		{C4E78193-FDA2-4563-A06B-13D9EBC0A470}.Debug|Any CPU.ActiveCfg = Debug|Any CPU
		{C4E78193-FDA2-4563-A06B-13D9EBC0A470}.Debug|Any CPU.Build.0 = Debug|Any CPU
		{C4E78193-FDA2-4563-A06B-13D9EBC0A470}.Debug|x64.ActiveCfg = Debug|Any CPU
		{C4E78193-FDA2-4563-A06B-13D9EBC0A470}.Debug|x64.Build.0 = Debug|Any CPU
		{C4E78193-FDA2-4563-A06B-13D9EBC0A470}.Debug|x86.ActiveCfg = Debug|Any CPU
		{C4E78193-FDA2-4563-A06B-13D9EBC0A470}.Debug|x86.Build.0 = Debug|Any CPU
		{C4E78193-FDA2-4563-A06B-13D9EBC0A470}.Release|Any CPU.ActiveCfg = Release|Any CPU
		{C4E78193-FDA2-4563-A06B-13D9EBC0A470}.Release|Any CPU.Build.0 = Release|Any CPU
		{C4E78193-FDA2-4563-A06B-13D9EBC0A470}.Release|x64.ActiveCfg = Release|Any CPU
		{C4E78193-FDA2-4563-A06B-13D9EBC0A470}.Release|x64.Build.0 = Release|Any CPU
		{C4E78193-FDA2-4563-A06B-13D9EBC0A470}.Release|x86.ActiveCfg = Release|Any CPU
		{C4E78193-FDA2-4563-A06B-13D9EBC0A470}.Release|x86.Build.0 = Release|Any CPU
		{D98E5271-BC41-4F67-89AD-2E0C1A53B6F9}.Debug|Any CPU.ActiveCfg = Debug|Any CPU
		{D98E5271-BC41-4F67-89AD-2E0C1A53B6F9}.Debug|Any CPU.Build.0 = Debug|Any CPU
		{D98E5271-BC41-4F67-89AD-2E0C1A53B6F9}.Debug|x64.ActiveCfg = Debug|Any CPU
		{D98E5271-BC41-4F67-89AD-2E0C1A53B6F9}.Debug|x64.Build.0 = Debug|Any CPU
		{D98E5271-BC41-4F67-89AD-2E0C1A53B6F9}.Debug|x86.ActiveCfg = Debug|Any CPU
		{D98E5271-BC41-4F67-89AD-2E0C1A53B6F9}.Debug|x86.Build.0 = Debug|Any CPU
		{D98E5271-BC41-4F67-89AD-2E0C1A53B6F9}.Release|Any CPU.ActiveCfg = Release|Any CPU
		{D98E5271-BC41-4F67-89AD-2E0C1A53B6F9}.Release|Any CPU.Build.0 = Release|Any CPU
		{D98E5271-BC41-4F67-89AD-2E0C1A53B6F9}.Release|x64.ActiveCfg = Release|Any CPU
		{D98E5271-BC41-4F67-89AD-2E0C1A53B6F9}.Release|x64.Build.0 = Release|Any CPU
		{D98E5271-BC41-4F67-89AD-2E0C1A53B6F9}.Release|x86.ActiveCfg = Release|Any CPU
		{D98E5271-BC41-4F67-89AD-2E0C1A53B6F9}.Release|x86.Build.0 = Release|Any CPU
		{A3850B0F-3DE8-4B3D-B671-1EB926BD436D}.Debug|Any CPU.ActiveCfg = Debug|Any CPU
		{A3850B0F-3DE8-4B3D-B671-1EB926BD436D}.Debug|Any CPU.Build.0 = Debug|Any CPU
		{A3850B0F-3DE8-4B3D-B671-1EB926BD436D}.Debug|x64.ActiveCfg = Debug|Any CPU
		{A3850B0F-3DE8-4B3D-B671-1EB926BD436D}.Debug|x64.Build.0 = Debug|Any CPU
		{A3850B0F-3DE8-4B3D-B671-1EB926BD436D}.Debug|x86.ActiveCfg = Debug|Any CPU
		{A3850B0F-3DE8-4B3D-B671-1EB926BD436D}.Debug|x86.Build.0 = Debug|Any CPU
		{A3850B0F-3DE8-4B3D-B671-1EB926BD436D}.Release|Any CPU.ActiveCfg = Release|Any CPU
		{A3850B0F-3DE8-4B3D-B671-1EB926BD436D}.Release|Any CPU.Build.0 = Release|Any CPU
		{A3850B0F-3DE8-4B3D-B671-1EB926BD436D}.Release|x64.ActiveCfg = Release|Any CPU
		{A3850B0F-3DE8-4B3D-B671-1EB926BD436D}.Release|x64.Build.0 = Release|Any CPU
		{A3850B0F-3DE8-4B3D-B671-1EB926BD436D}.Release|x86.ActiveCfg = Release|Any CPU
		{A3850B0F-3DE8-4B3D-B671-1EB926BD436D}.Release|x86.Build.0 = Release|Any CPU
		{399A1934-6396-45D8-8F81-2C21CF5CF0DD}.Debug|Any CPU.ActiveCfg = Debug|Any CPU
		{399A1934-6396-45D8-8F81-2C21CF5CF0DD}.Debug|Any CPU.Build.0 = Debug|Any CPU
		{399A1934-6396-45D8-8F81-2C21CF5CF0DD}.Debug|x64.ActiveCfg = Debug|Any CPU
		{399A1934-6396-45D8-8F81-2C21CF5CF0DD}.Debug|x64.Build.0 = Debug|Any CPU
		{399A1934-6396-45D8-8F81-2C21CF5CF0DD}.Debug|x86.ActiveCfg = Debug|Any CPU
		{399A1934-6396-45D8-8F81-2C21CF5CF0DD}.Debug|x86.Build.0 = Debug|Any CPU
		{399A1934-6396-45D8-8F81-2C21CF5CF0DD}.Release|Any CPU.ActiveCfg = Release|Any CPU
		{399A1934-6396-45D8-8F81-2C21CF5CF0DD}.Release|Any CPU.Build.0 = Release|Any CPU
		{399A1934-6396-45D8-8F81-2C21CF5CF0DD}.Release|x64.ActiveCfg = Release|Any CPU
		{399A1934-6396-45D8-8F81-2C21CF5CF0DD}.Release|x64.Build.0 = Release|Any CPU
		{399A1934-6396-45D8-8F81-2C21CF5CF0DD}.Release|x86.ActiveCfg = Release|Any CPU
		{399A1934-6396-45D8-8F81-2C21CF5CF0DD}.Release|x86.Build.0 = Release|Any CPU
		{B6297F0B-D17E-4E79-87C0-97513E294B4A}.Debug|Any CPU.ActiveCfg = Debug|Any CPU
		{B6297F0B-D17E-4E79-87C0-97513E294B4A}.Debug|Any CPU.Build.0 = Debug|Any CPU
		{B6297F0B-D17E-4E79-87C0-97513E294B4A}.Debug|x64.ActiveCfg = Debug|Any CPU
		{B6297F0B-D17E-4E79-87C0-97513E294B4A}.Debug|x64.Build.0 = Debug|Any CPU
		{B6297F0B-D17E-4E79-87C0-97513E294B4A}.Debug|x86.ActiveCfg = Debug|Any CPU
		{B6297F0B-D17E-4E79-87C0-97513E294B4A}.Debug|x86.Build.0 = Debug|Any CPU
		{B6297F0B-D17E-4E79-87C0-97513E294B4A}.Release|Any CPU.ActiveCfg = Release|Any CPU
		{B6297F0B-D17E-4E79-87C0-97513E294B4A}.Release|Any CPU.Build.0 = Release|Any CPU
		{B6297F0B-D17E-4E79-87C0-97513E294B4A}.Release|x64.ActiveCfg = Release|Any CPU
		{B6297F0B-D17E-4E79-87C0-97513E294B4A}.Release|x64.Build.0 = Release|Any CPU
		{B6297F0B-D17E-4E79-87C0-97513E294B4A}.Release|x86.ActiveCfg = Release|Any CPU
		{B6297F0B-D17E-4E79-87C0-97513E294B4A}.Release|x86.Build.0 = Release|Any CPU
		{364A2F40-0C86-4936-A270-76D5E358A9C2}.Debug|Any CPU.ActiveCfg = Debug|Any CPU
		{364A2F40-0C86-4936-A270-76D5E358A9C2}.Debug|Any CPU.Build.0 = Debug|Any CPU
		{364A2F40-0C86-4936-A270-76D5E358A9C2}.Debug|x64.ActiveCfg = Debug|Any CPU
		{364A2F40-0C86-4936-A270-76D5E358A9C2}.Debug|x64.Build.0 = Debug|Any CPU
		{364A2F40-0C86-4936-A270-76D5E358A9C2}.Debug|x86.ActiveCfg = Debug|Any CPU
		{364A2F40-0C86-4936-A270-76D5E358A9C2}.Debug|x86.Build.0 = Debug|Any CPU
		{364A2F40-0C86-4936-A270-76D5E358A9C2}.Release|Any CPU.ActiveCfg = Release|Any CPU
		{364A2F40-0C86-4936-A270-76D5E358A9C2}.Release|Any CPU.Build.0 = Release|Any CPU
		{364A2F40-0C86-4936-A270-76D5E358A9C2}.Release|x64.ActiveCfg = Release|Any CPU
		{364A2F40-0C86-4936-A270-76D5E358A9C2}.Release|x64.Build.0 = Release|Any CPU
		{364A2F40-0C86-4936-A270-76D5E358A9C2}.Release|x86.ActiveCfg = Release|Any CPU
		{364A2F40-0C86-4936-A270-76D5E358A9C2}.Release|x86.Build.0 = Release|Any CPU
		{F4460618-8268-41B8-AF34-C80183C97D60}.Debug|Any CPU.ActiveCfg = Debug|Any CPU
		{F4460618-8268-41B8-AF34-C80183C97D60}.Debug|Any CPU.Build.0 = Debug|Any CPU
		{F4460618-8268-41B8-AF34-C80183C97D60}.Debug|x64.ActiveCfg = Debug|Any CPU
		{F4460618-8268-41B8-AF34-C80183C97D60}.Debug|x64.Build.0 = Debug|Any CPU
		{F4460618-8268-41B8-AF34-C80183C97D60}.Debug|x86.ActiveCfg = Debug|Any CPU
		{F4460618-8268-41B8-AF34-C80183C97D60}.Debug|x86.Build.0 = Debug|Any CPU
		{F4460618-8268-41B8-AF34-C80183C97D60}.Release|Any CPU.ActiveCfg = Release|Any CPU
		{F4460618-8268-41B8-AF34-C80183C97D60}.Release|Any CPU.Build.0 = Release|Any CPU
		{F4460618-8268-41B8-AF34-C80183C97D60}.Release|x64.ActiveCfg = Release|Any CPU
		{F4460618-8268-41B8-AF34-C80183C97D60}.Release|x64.Build.0 = Release|Any CPU
		{F4460618-8268-41B8-AF34-C80183C97D60}.Release|x86.ActiveCfg = Release|Any CPU
		{F4460618-8268-41B8-AF34-C80183C97D60}.Release|x86.Build.0 = Release|Any CPU
		{09CD73FD-6436-4A7A-A74F-EF66ACFCA990}.Debug|Any CPU.ActiveCfg = Debug|Any CPU
		{09CD73FD-6436-4A7A-A74F-EF66ACFCA990}.Debug|Any CPU.Build.0 = Debug|Any CPU
		{09CD73FD-6436-4A7A-A74F-EF66ACFCA990}.Debug|x64.ActiveCfg = Debug|Any CPU
		{09CD73FD-6436-4A7A-A74F-EF66ACFCA990}.Debug|x64.Build.0 = Debug|Any CPU
		{09CD73FD-6436-4A7A-A74F-EF66ACFCA990}.Debug|x86.ActiveCfg = Debug|Any CPU
		{09CD73FD-6436-4A7A-A74F-EF66ACFCA990}.Debug|x86.Build.0 = Debug|Any CPU
		{09CD73FD-6436-4A7A-A74F-EF66ACFCA990}.Release|Any CPU.ActiveCfg = Release|Any CPU
		{09CD73FD-6436-4A7A-A74F-EF66ACFCA990}.Release|Any CPU.Build.0 = Release|Any CPU
		{09CD73FD-6436-4A7A-A74F-EF66ACFCA990}.Release|x64.ActiveCfg = Release|Any CPU
		{09CD73FD-6436-4A7A-A74F-EF66ACFCA990}.Release|x64.Build.0 = Release|Any CPU
		{09CD73FD-6436-4A7A-A74F-EF66ACFCA990}.Release|x86.ActiveCfg = Release|Any CPU
		{09CD73FD-6436-4A7A-A74F-EF66ACFCA990}.Release|x86.Build.0 = Release|Any CPU
		{FE13DF91-EF4A-4578-81EA-D159F0A9677F}.Debug|Any CPU.ActiveCfg = Debug|Any CPU
		{FE13DF91-EF4A-4578-81EA-D159F0A9677F}.Debug|Any CPU.Build.0 = Debug|Any CPU
		{FE13DF91-EF4A-4578-81EA-D159F0A9677F}.Debug|x64.ActiveCfg = Debug|Any CPU
		{FE13DF91-EF4A-4578-81EA-D159F0A9677F}.Debug|x64.Build.0 = Debug|Any CPU
		{FE13DF91-EF4A-4578-81EA-D159F0A9677F}.Debug|x86.ActiveCfg = Debug|Any CPU
		{FE13DF91-EF4A-4578-81EA-D159F0A9677F}.Debug|x86.Build.0 = Debug|Any CPU
		{FE13DF91-EF4A-4578-81EA-D159F0A9677F}.Release|Any CPU.ActiveCfg = Release|Any CPU
		{FE13DF91-EF4A-4578-81EA-D159F0A9677F}.Release|Any CPU.Build.0 = Release|Any CPU
		{FE13DF91-EF4A-4578-81EA-D159F0A9677F}.Release|x64.ActiveCfg = Release|Any CPU
		{FE13DF91-EF4A-4578-81EA-D159F0A9677F}.Release|x64.Build.0 = Release|Any CPU
		{FE13DF91-EF4A-4578-81EA-D159F0A9677F}.Release|x86.ActiveCfg = Release|Any CPU
		{FE13DF91-EF4A-4578-81EA-D159F0A9677F}.Release|x86.Build.0 = Release|Any CPU
		{A1C8014C-09AF-462D-A87F-FD69E05A5523}.Debug|Any CPU.ActiveCfg = Debug|Any CPU
		{A1C8014C-09AF-462D-A87F-FD69E05A5523}.Debug|Any CPU.Build.0 = Debug|Any CPU
		{A1C8014C-09AF-462D-A87F-FD69E05A5523}.Debug|x64.ActiveCfg = Debug|Any CPU
		{A1C8014C-09AF-462D-A87F-FD69E05A5523}.Debug|x64.Build.0 = Debug|Any CPU
		{A1C8014C-09AF-462D-A87F-FD69E05A5523}.Debug|x86.ActiveCfg = Debug|Any CPU
		{A1C8014C-09AF-462D-A87F-FD69E05A5523}.Debug|x86.Build.0 = Debug|Any CPU
		{A1C8014C-09AF-462D-A87F-FD69E05A5523}.Release|Any CPU.ActiveCfg = Release|Any CPU
		{A1C8014C-09AF-462D-A87F-FD69E05A5523}.Release|Any CPU.Build.0 = Release|Any CPU
		{A1C8014C-09AF-462D-A87F-FD69E05A5523}.Release|x64.ActiveCfg = Release|Any CPU
		{A1C8014C-09AF-462D-A87F-FD69E05A5523}.Release|x64.Build.0 = Release|Any CPU
		{A1C8014C-09AF-462D-A87F-FD69E05A5523}.Release|x86.ActiveCfg = Release|Any CPU
		{A1C8014C-09AF-462D-A87F-FD69E05A5523}.Release|x86.Build.0 = Release|Any CPU
		{E0CFA6E4-8826-44F2-8885-4ABFA4387946}.Debug|Any CPU.ActiveCfg = Debug|Any CPU
		{E0CFA6E4-8826-44F2-8885-4ABFA4387946}.Debug|Any CPU.Build.0 = Debug|Any CPU
		{E0CFA6E4-8826-44F2-8885-4ABFA4387946}.Debug|x64.ActiveCfg = Debug|Any CPU
		{E0CFA6E4-8826-44F2-8885-4ABFA4387946}.Debug|x64.Build.0 = Debug|Any CPU
		{E0CFA6E4-8826-44F2-8885-4ABFA4387946}.Debug|x86.ActiveCfg = Debug|Any CPU
		{E0CFA6E4-8826-44F2-8885-4ABFA4387946}.Debug|x86.Build.0 = Debug|Any CPU
		{E0CFA6E4-8826-44F2-8885-4ABFA4387946}.Release|Any CPU.ActiveCfg = Release|Any CPU
		{E0CFA6E4-8826-44F2-8885-4ABFA4387946}.Release|Any CPU.Build.0 = Release|Any CPU
		{E0CFA6E4-8826-44F2-8885-4ABFA4387946}.Release|x64.ActiveCfg = Release|Any CPU
		{E0CFA6E4-8826-44F2-8885-4ABFA4387946}.Release|x64.Build.0 = Release|Any CPU
		{E0CFA6E4-8826-44F2-8885-4ABFA4387946}.Release|x86.ActiveCfg = Release|Any CPU
		{E0CFA6E4-8826-44F2-8885-4ABFA4387946}.Release|x86.Build.0 = Release|Any CPU
		{EB1CE728-ACD0-453D-B960-98C3934C0272}.Debug|Any CPU.ActiveCfg = Debug|Any CPU
		{EB1CE728-ACD0-453D-B960-98C3934C0272}.Debug|Any CPU.Build.0 = Debug|Any CPU
		{EB1CE728-ACD0-453D-B960-98C3934C0272}.Debug|x64.ActiveCfg = Debug|Any CPU
		{EB1CE728-ACD0-453D-B960-98C3934C0272}.Debug|x64.Build.0 = Debug|Any CPU
		{EB1CE728-ACD0-453D-B960-98C3934C0272}.Debug|x86.ActiveCfg = Debug|Any CPU
		{EB1CE728-ACD0-453D-B960-98C3934C0272}.Debug|x86.Build.0 = Debug|Any CPU
		{EB1CE728-ACD0-453D-B960-98C3934C0272}.Release|Any CPU.ActiveCfg = Release|Any CPU
		{EB1CE728-ACD0-453D-B960-98C3934C0272}.Release|Any CPU.Build.0 = Release|Any CPU
		{EB1CE728-ACD0-453D-B960-98C3934C0272}.Release|x64.ActiveCfg = Release|Any CPU
		{EB1CE728-ACD0-453D-B960-98C3934C0272}.Release|x64.Build.0 = Release|Any CPU
		{EB1CE728-ACD0-453D-B960-98C3934C0272}.Release|x86.ActiveCfg = Release|Any CPU
		{EB1CE728-ACD0-453D-B960-98C3934C0272}.Release|x86.Build.0 = Release|Any CPU
		{35FFEDDE-4595-470A-BDE7-E6B7F7EC800C}.Debug|Any CPU.ActiveCfg = Debug|Any CPU
		{35FFEDDE-4595-470A-BDE7-E6B7F7EC800C}.Debug|Any CPU.Build.0 = Debug|Any CPU
		{35FFEDDE-4595-470A-BDE7-E6B7F7EC800C}.Debug|x64.ActiveCfg = Debug|Any CPU
		{35FFEDDE-4595-470A-BDE7-E6B7F7EC800C}.Debug|x64.Build.0 = Debug|Any CPU
		{35FFEDDE-4595-470A-BDE7-E6B7F7EC800C}.Debug|x86.ActiveCfg = Debug|Any CPU
		{35FFEDDE-4595-470A-BDE7-E6B7F7EC800C}.Debug|x86.Build.0 = Debug|Any CPU
		{35FFEDDE-4595-470A-BDE7-E6B7F7EC800C}.Release|Any CPU.ActiveCfg = Release|Any CPU
		{35FFEDDE-4595-470A-BDE7-E6B7F7EC800C}.Release|Any CPU.Build.0 = Release|Any CPU
		{35FFEDDE-4595-470A-BDE7-E6B7F7EC800C}.Release|x64.ActiveCfg = Release|Any CPU
		{35FFEDDE-4595-470A-BDE7-E6B7F7EC800C}.Release|x64.Build.0 = Release|Any CPU
		{35FFEDDE-4595-470A-BDE7-E6B7F7EC800C}.Release|x86.ActiveCfg = Release|Any CPU
		{35FFEDDE-4595-470A-BDE7-E6B7F7EC800C}.Release|x86.Build.0 = Release|Any CPU
		{C140F969-B2D4-4F0E-916B-C1313834A920}.Debug|Any CPU.ActiveCfg = Debug|Any CPU
		{C140F969-B2D4-4F0E-916B-C1313834A920}.Debug|Any CPU.Build.0 = Debug|Any CPU
		{C140F969-B2D4-4F0E-916B-C1313834A920}.Debug|x64.ActiveCfg = Debug|Any CPU
		{C140F969-B2D4-4F0E-916B-C1313834A920}.Debug|x64.Build.0 = Debug|Any CPU
		{C140F969-B2D4-4F0E-916B-C1313834A920}.Debug|x86.ActiveCfg = Debug|Any CPU
		{C140F969-B2D4-4F0E-916B-C1313834A920}.Debug|x86.Build.0 = Debug|Any CPU
		{C140F969-B2D4-4F0E-916B-C1313834A920}.Release|Any CPU.ActiveCfg = Release|Any CPU
		{C140F969-B2D4-4F0E-916B-C1313834A920}.Release|Any CPU.Build.0 = Release|Any CPU
		{C140F969-B2D4-4F0E-916B-C1313834A920}.Release|x64.ActiveCfg = Release|Any CPU
		{C140F969-B2D4-4F0E-916B-C1313834A920}.Release|x64.Build.0 = Release|Any CPU
		{C140F969-B2D4-4F0E-916B-C1313834A920}.Release|x86.ActiveCfg = Release|Any CPU
		{C140F969-B2D4-4F0E-916B-C1313834A920}.Release|x86.Build.0 = Release|Any CPU
		{5FF8012C-F182-4E0C-AB7B-F06F8937A8D1}.Debug|Any CPU.ActiveCfg = Debug|Any CPU
		{5FF8012C-F182-4E0C-AB7B-F06F8937A8D1}.Debug|Any CPU.Build.0 = Debug|Any CPU
		{5FF8012C-F182-4E0C-AB7B-F06F8937A8D1}.Debug|x64.ActiveCfg = Debug|Any CPU
		{5FF8012C-F182-4E0C-AB7B-F06F8937A8D1}.Debug|x64.Build.0 = Debug|Any CPU
		{5FF8012C-F182-4E0C-AB7B-F06F8937A8D1}.Debug|x86.ActiveCfg = Debug|Any CPU
		{5FF8012C-F182-4E0C-AB7B-F06F8937A8D1}.Debug|x86.Build.0 = Debug|Any CPU
		{5FF8012C-F182-4E0C-AB7B-F06F8937A8D1}.Release|Any CPU.ActiveCfg = Release|Any CPU
		{5FF8012C-F182-4E0C-AB7B-F06F8937A8D1}.Release|Any CPU.Build.0 = Release|Any CPU
		{5FF8012C-F182-4E0C-AB7B-F06F8937A8D1}.Release|x64.ActiveCfg = Release|Any CPU
		{5FF8012C-F182-4E0C-AB7B-F06F8937A8D1}.Release|x64.Build.0 = Release|Any CPU
		{5FF8012C-F182-4E0C-AB7B-F06F8937A8D1}.Release|x86.ActiveCfg = Release|Any CPU
		{5FF8012C-F182-4E0C-AB7B-F06F8937A8D1}.Release|x86.Build.0 = Release|Any CPU
	EndGlobalSection
	GlobalSection(SolutionProperties) = preSolution
		HideSolutionNode = FALSE
	EndGlobalSection
	GlobalSection(NestedProjects) = preSolution
		{A1B2C3D4-E5F6-7890-ABCD-EF1234567890} = {827E0CD3-B72D-47B6-A68D-7590B98EB39B}
		{D4E5F6A7-B8C9-0123-DEFA-234567890123} = {827E0CD3-B72D-47B6-A68D-7590B98EB39B}
		{B2C3D4E5-F6A7-8901-BCDE-F12345678901} = {827E0CD3-B72D-47B6-A68D-7590B98EB39B}
		{C3D4E5F6-A7B8-9012-CDEF-123456789012} = {8A1C1B42-5F9D-4E3A-B1C7-D9F8E6A5B4C3}
		{E5F6A7B8-C9D0-1234-EFAB-345678901234} = {8A1C1B42-5F9D-4E3A-B1C7-D9F8E6A5B4C3}
		{50C5D467-98D7-4C62-BC33-34BF38B7E701} = {8A1C1B42-5F9D-4E3A-B1C7-D9F8E6A5B4C3}
		{6B3A9F36-1D8A-4E2D-932E-0BA1C7F4D821} = {8A1C1B42-5F9D-4E3A-B1C7-D9F8E6A5B4C3}
		{46A75B0D-8B8D-4EAA-B3AC-8C201752DCA1} = {8A1C1B42-5F9D-4E3A-B1C7-D9F8E6A5B4C3}
		{0332127E-1BCA-4FBD-859B-62B045358770} = {0AB3BF05-4346-4AA6-1389-037BE0695223}
		{B55136DA-A1A7-4D35-96DE-55EBF2C06FA1} = {0AB3BF05-4346-4AA6-1389-037BE0695223}
		{C61C373B-B6FB-4190-88CF-99A7F4BC37D2} = {0AB3BF05-4346-4AA6-1389-037BE0695223}
		{DA712317-C0F7-4307-B5FE-81615C6841A3} = {0AB3BF05-4346-4AA6-1389-037BE0695223}
		{C4E78193-FDA2-4563-A06B-13D9EBC0A470} = {0AB3BF05-4346-4AA6-1389-037BE0695223}
		{D98E5271-BC41-4F67-89AD-2E0C1A53B6F9} = {0AB3BF05-4346-4AA6-1389-037BE0695223}
		{EB823428-7DA8-47D7-924C-DB822599BC80} = {0AB3BF05-4346-4AA6-1389-037BE0695223}
		{A3850B0F-3DE8-4B3D-B671-1EB926BD436D} = {FC40112B-D17A-4471-98D4-B72510B2B53B}
		{399A1934-6396-45D8-8F81-2C21CF5CF0DD} = {827E0CD3-B72D-47B6-A68D-7590B98EB39B}
		{B6297F0B-D17E-4E79-87C0-97513E294B4A} = {827E0CD3-B72D-47B6-A68D-7590B98EB39B}
		{364A2F40-0C86-4936-A270-76D5E358A9C2} = {8A1C1B42-5F9D-4E3A-B1C7-D9F8E6A5B4C3}
		{F4460618-8268-41B8-AF34-C80183C97D60} = {8A1C1B42-5F9D-4E3A-B1C7-D9F8E6A5B4C3}
		{09CD73FD-6436-4A7A-A74F-EF66ACFCA990} = {0AB3BF05-4346-4AA6-1389-037BE0695223}
		{FE13DF91-EF4A-4578-81EA-D159F0A9677F} = {0AB3BF05-4346-4AA6-1389-037BE0695223}
		{A1C8014C-09AF-462D-A87F-FD69E05A5523} = {FC40112B-D17A-4471-98D4-B72510B2B53B}
		{E0CFA6E4-8826-44F2-8885-4ABFA4387946} = {827E0CD3-B72D-47B6-A68D-7590B98EB39B}
		{EB1CE728-ACD0-453D-B960-98C3934C0272} = {8A1C1B42-5F9D-4E3A-B1C7-D9F8E6A5B4C3}
		{35FFEDDE-4595-470A-BDE7-E6B7F7EC800C} = {0AB3BF05-4346-4AA6-1389-037BE0695223}
		{C140F969-B2D4-4F0E-916B-C1313834A920} = {FC40112B-D17A-4471-98D4-B72510B2B53B}
		{5FF8012C-F182-4E0C-AB7B-F06F8937A8D1} = {8A1C1B42-5F9D-4E3A-B1C7-D9F8E6A5B4C3}
	EndGlobalSection
	GlobalSection(ExtensibilityGlobals) = postSolution
		SolutionGuid = {877BCD43-4AF2-4E1C-89FC-E1C910BCCAE4}
	EndGlobalSection
EndGlobal
